// !$*UTF8*$!
{
	archiveVersion = 1;
	classes = {
	};
	objectVersion = 46;
	objects = {

/* Begin PBXBuildFile section */
		F16B3F031DFC47E9000F38F3 /* AppDelegate.swift in Sources */ = {isa = PBXBuildFile; fileRef = F16B3F021DFC47E9000F38F3 /* AppDelegate.swift */; };
		F16B3F051DFC47E9000F38F3 /* ViewController.swift in Sources */ = {isa = PBXBuildFile; fileRef = F16B3F041DFC47E9000F38F3 /* ViewController.swift */; };
		F16B3F081DFC47E9000F38F3 /* tvOS_radio_demo.xcdatamodeld in Sources */ = {isa = PBXBuildFile; fileRef = F16B3F061DFC47E9000F38F3 /* tvOS_radio_demo.xcdatamodeld */; };
		F16B3F0B1DFC47E9000F38F3 /* Main.storyboard in Resources */ = {isa = PBXBuildFile; fileRef = F16B3F091DFC47E9000F38F3 /* Main.storyboard */; };
		F16B3F0D1DFC47E9000F38F3 /* Assets.xcassets in Resources */ = {isa = PBXBuildFile; fileRef = F16B3F0C1DFC47E9000F38F3 /* Assets.xcassets */; };
/* End PBXBuildFile section */

/* Begin PBXFileReference section */
		F16B3EFF1DFC47E9000F38F3 /* tvOS radio demo.app */ = {isa = PBXFileReference; explicitFileType = wrapper.application; includeInIndex = 0; path = "tvOS radio demo.app"; sourceTree = BUILT_PRODUCTS_DIR; };
		F16B3F021DFC47E9000F38F3 /* AppDelegate.swift */ = {isa = PBXFileReference; lastKnownFileType = sourcecode.swift; path = AppDelegate.swift; sourceTree = "<group>"; };
		F16B3F041DFC47E9000F38F3 /* ViewController.swift */ = {isa = PBXFileReference; lastKnownFileType = sourcecode.swift; path = ViewController.swift; sourceTree = "<group>"; };
		F16B3F071DFC47E9000F38F3 /* tvOS_radio_demo.xcdatamodel */ = {isa = PBXFileReference; lastKnownFileType = wrapper.xcdatamodel; path = tvOS_radio_demo.xcdatamodel; sourceTree = "<group>"; };
		F16B3F0A1DFC47E9000F38F3 /* Base */ = {isa = PBXFileReference; lastKnownFileType = file.storyboard; name = Base; path = Base.lproj/Main.storyboard; sourceTree = "<group>"; };
		F16B3F0C1DFC47E9000F38F3 /* Assets.xcassets */ = {isa = PBXFileReference; lastKnownFileType = folder.assetcatalog; path = Assets.xcassets; sourceTree = "<group>"; };
		F16B3F0E1DFC47E9000F38F3 /* Info.plist */ = {isa = PBXFileReference; lastKnownFileType = text.plist.xml; path = Info.plist; sourceTree = "<group>"; };
/* End PBXFileReference section */

/* Begin PBXFrameworksBuildPhase section */
		F16B3EFC1DFC47E8000F38F3 /* Frameworks */ = {
			isa = PBXFrameworksBuildPhase;
			buildActionMask = 2147483647;
			files = (
			);
			runOnlyForDeploymentPostprocessing = 0;
		};
/* End PBXFrameworksBuildPhase section */

/* Begin PBXGroup section */
		F16B3EF61DFC47E8000F38F3 = {
			isa = PBXGroup;
			children = (
				F16B3F011DFC47E9000F38F3 /* tvOS radio demo */,
				F16B3F001DFC47E9000F38F3 /* Products */,
			);
			sourceTree = "<group>";
		};
		F16B3F001DFC47E9000F38F3 /* Products */ = {
			isa = PBXGroup;
			children = (
				F16B3EFF1DFC47E9000F38F3 /* tvOS radio demo.app */,
			);
			name = Products;
			sourceTree = "<group>";
		};
		F16B3F011DFC47E9000F38F3 /* tvOS radio demo */ = {
			isa = PBXGroup;
			children = (
				F16B3F021DFC47E9000F38F3 /* AppDelegate.swift */,
				F16B3F041DFC47E9000F38F3 /* ViewController.swift */,
				F16B3F091DFC47E9000F38F3 /* Main.storyboard */,
				F16B3F0C1DFC47E9000F38F3 /* Assets.xcassets */,
				F16B3F0E1DFC47E9000F38F3 /* Info.plist */,
				F16B3F061DFC47E9000F38F3 /* tvOS_radio_demo.xcdatamodeld */,
			);
			path = "tvOS radio demo";
			sourceTree = "<group>";
		};
/* End PBXGroup section */

/* Begin PBXNativeTarget section */
		F16B3EFE1DFC47E8000F38F3 /* tvOS radio demo */ = {
			isa = PBXNativeTarget;
			buildConfigurationList = F16B3F111DFC47E9000F38F3 /* Build configuration list for PBXNativeTarget "tvOS radio demo" */;
			buildPhases = (
				F16B3EFB1DFC47E8000F38F3 /* Sources */,
				F16B3EFC1DFC47E8000F38F3 /* Frameworks */,
				F16B3EFD1DFC47E8000F38F3 /* Resources */,
			);
			buildRules = (
			);
			dependencies = (
			);
			name = "tvOS radio demo";
			productName = "tvOS radio demo";
			productReference = F16B3EFF1DFC47E9000F38F3 /* tvOS radio demo.app */;
			productType = "com.apple.product-type.application";
		};
/* End PBXNativeTarget section */

/* Begin PBXProject section */
		F16B3EF71DFC47E8000F38F3 /* Project object */ = {
			isa = PBXProject;
			attributes = {
				LastSwiftUpdateCheck = 0810;
				LastUpgradeCheck = 0810;
				ORGANIZATIONNAME = "Andrei Palonski";
				TargetAttributes = {
					F16B3EFE1DFC47E8000F38F3 = {
						CreatedOnToolsVersion = 8.1;
						DevelopmentTeam = QMNXFRSMX5;
						ProvisioningStyle = Automatic;
					};
				};
			};
			buildConfigurationList = F16B3EFA1DFC47E8000F38F3 /* Build configuration list for PBXProject "tvOS radio demo" */;
			compatibilityVersion = "Xcode 3.2";
			developmentRegion = English;
			hasScannedForEncodings = 0;
			knownRegions = (
				en,
				Base,
			);
			mainGroup = F16B3EF61DFC47E8000F38F3;
			productRefGroup = F16B3F001DFC47E9000F38F3 /* Products */;
			projectDirPath = "";
			projectRoot = "";
			targets = (
				F16B3EFE1DFC47E8000F38F3 /* tvOS radio demo */,
			);
		};
/* End PBXProject section */

/* Begin PBXResourcesBuildPhase section */
		F16B3EFD1DFC47E8000F38F3 /* Resources */ = {
			isa = PBXResourcesBuildPhase;
			buildActionMask = 2147483647;
			files = (
				F16B3F0D1DFC47E9000F38F3 /* Assets.xcassets in Resources */,
				F16B3F0B1DFC47E9000F38F3 /* Main.storyboard in Resources */,
			);
			runOnlyForDeploymentPostprocessing = 0;
		};
/* End PBXResourcesBuildPhase section */

/* Begin PBXSourcesBuildPhase section */
		F16B3EFB1DFC47E8000F38F3 /* Sources */ = {
			isa = PBXSourcesBuildPhase;
			buildActionMask = 2147483647;
			files = (
				F16B3F051DFC47E9000F38F3 /* ViewController.swift in Sources */,
				F16B3F031DFC47E9000F38F3 /* AppDelegate.swift in Sources */,
				F16B3F081DFC47E9000F38F3 /* tvOS_radio_demo.xcdatamodeld in Sources */,
			);
			runOnlyForDeploymentPostprocessing = 0;
		};
/* End PBXSourcesBuildPhase section */

/* Begin PBXVariantGroup section */
		F16B3F091DFC47E9000F38F3 /* Main.storyboard */ = {
			isa = PBXVariantGroup;
			children = (
				F16B3F0A1DFC47E9000F38F3 /* Base */,
			);
			name = Main.storyboard;
			sourceTree = "<group>";
		};
/* End PBXVariantGroup section */

/* Begin XCBuildConfiguration section */
		F16B3F0F1DFC47E9000F38F3 /* Debug */ = {
			isa = XCBuildConfiguration;
			buildSettings = {
				ALWAYS_SEARCH_USER_PATHS = NO;
				CLANG_ANALYZER_NONNULL = YES;
				CLANG_CXX_LANGUAGE_STANDARD = "gnu++0x";
				CLANG_CXX_LIBRARY = "libc++";
				CLANG_ENABLE_MODULES = YES;
				CLANG_ENABLE_OBJC_ARC = YES;
				CLANG_WARN_BOOL_CONVERSION = YES;
				CLANG_WARN_CONSTANT_CONVERSION = YES;
				CLANG_WARN_DIRECT_OBJC_ISA_USAGE = YES_ERROR;
				CLANG_WARN_DOCUMENTATION_COMMENTS = YES;
				CLANG_WARN_EMPTY_BODY = YES;
				CLANG_WARN_ENUM_CONVERSION = YES;
				CLANG_WARN_INFINITE_RECURSION = YES;
				CLANG_WARN_INT_CONVERSION = YES;
				CLANG_WARN_OBJC_ROOT_CLASS = YES_ERROR;
				CLANG_WARN_SUSPICIOUS_MOVES = YES;
				CLANG_WARN_UNREACHABLE_CODE = YES;
				CLANG_WARN__DUPLICATE_METHOD_MATCH = YES;
				COPY_PHASE_STRIP = NO;
				DEBUG_INFORMATION_FORMAT = dwarf;
				ENABLE_STRICT_OBJC_MSGSEND = YES;
				ENABLE_TESTABILITY = YES;
				GCC_C_LANGUAGE_STANDARD = gnu99;
				GCC_DYNAMIC_NO_PIC = NO;
				GCC_NO_COMMON_BLOCKS = YES;
				GCC_OPTIMIZATION_LEVEL = 0;
				GCC_PREPROCESSOR_DEFINITIONS = (
					"DEBUG=1",
					"$(inherited)",
				);
				GCC_WARN_64_TO_32_BIT_CONVERSION = YES;
				GCC_WARN_ABOUT_RETURN_TYPE = YES_ERROR;
				GCC_WARN_UNDECLARED_SELECTOR = YES;
				GCC_WARN_UNINITIALIZED_AUTOS = YES_AGGRESSIVE;
				GCC_WARN_UNUSED_FUNCTION = YES;
				GCC_WARN_UNUSED_VARIABLE = YES;
				MTL_ENABLE_DEBUG_INFO = YES;
				ONLY_ACTIVE_ARCH = YES;
				SDKROOT = appletvos;
				SWIFT_ACTIVE_COMPILATION_CONDITIONS = DEBUG;
				SWIFT_OPTIMIZATION_LEVEL = "-Onone";
				TARGETED_DEVICE_FAMILY = 3;
				TVOS_DEPLOYMENT_TARGET = 10.0;
			};
			name = Debug;
		};
		F16B3F101DFC47E9000F38F3 /* Release */ = {
			isa = XCBuildConfiguration;
			buildSettings = {
				ALWAYS_SEARCH_USER_PATHS = NO;
				CLANG_ANALYZER_NONNULL = YES;
				CLANG_CXX_LANGUAGE_STANDARD = "gnu++0x";
				CLANG_CXX_LIBRARY = "libc++";
				CLANG_ENABLE_MODULES = YES;
				CLANG_ENABLE_OBJC_ARC = YES;
				CLANG_WARN_BOOL_CONVERSION = YES;
				CLANG_WARN_CONSTANT_CONVERSION = YES;
				CLANG_WARN_DIRECT_OBJC_ISA_USAGE = YES_ERROR;
				CLANG_WARN_DOCUMENTATION_COMMENTS = YES;
				CLANG_WARN_EMPTY_BODY = YES;
				CLANG_WARN_ENUM_CONVERSION = YES;
				CLANG_WARN_INFINITE_RECURSION = YES;
				CLANG_WARN_INT_CONVERSION = YES;
				CLANG_WARN_OBJC_ROOT_CLASS = YES_ERROR;
				CLANG_WARN_SUSPICIOUS_MOVES = YES;
				CLANG_WARN_UNREACHABLE_CODE = YES;
				CLANG_WARN__DUPLICATE_METHOD_MATCH = YES;
				COPY_PHASE_STRIP = NO;
				DEBUG_INFORMATION_FORMAT = "dwarf-with-dsym";
				ENABLE_NS_ASSERTIONS = NO;
				ENABLE_STRICT_OBJC_MSGSEND = YES;
				GCC_C_LANGUAGE_STANDARD = gnu99;
				GCC_NO_COMMON_BLOCKS = YES;
				GCC_WARN_64_TO_32_BIT_CONVERSION = YES;
				GCC_WARN_ABOUT_RETURN_TYPE = YES_ERROR;
				GCC_WARN_UNDECLARED_SELECTOR = YES;
				GCC_WARN_UNINITIALIZED_AUTOS = YES_AGGRESSIVE;
				GCC_WARN_UNUSED_FUNCTION = YES;
				GCC_WARN_UNUSED_VARIABLE = YES;
				MTL_ENABLE_DEBUG_INFO = NO;
				SDKROOT = appletvos;
				SWIFT_OPTIMIZATION_LEVEL = "-Owholemodule";
				TARGETED_DEVICE_FAMILY = 3;
				TVOS_DEPLOYMENT_TARGET = 10.0;
				VALIDATE_PRODUCT = YES;
			};
			name = Release;
		};
		F16B3F121DFC47E9000F38F3 /* Debug */ = {
			isa = XCBuildConfiguration;
			buildSettings = {
				ASSETCATALOG_COMPILER_APPICON_NAME = "App Icon & Top Shelf Image";
				ASSETCATALOG_COMPILER_LAUNCHIMAGE_NAME = LaunchImage;
				DEVELOPMENT_TEAM = QMNXFRSMX5;
				INFOPLIST_FILE = "tvOS radio demo/Info.plist";
				LD_RUNPATH_SEARCH_PATHS = "$(inherited) @executable_path/Frameworks";
				PRODUCT_BUNDLE_IDENTIFIER = "com.skrjApp.tvOS-radio-demo";
				PRODUCT_NAME = "$(TARGET_NAME)";
				SWIFT_VERSION = 3.0;
			};
			name = Debug;
		};
		F16B3F131DFC47E9000F38F3 /* Release */ = {
			isa = XCBuildConfiguration;
			buildSettings = {
				ASSETCATALOG_COMPILER_APPICON_NAME = "App Icon & Top Shelf Image";
				ASSETCATALOG_COMPILER_LAUNCHIMAGE_NAME = LaunchImage;
				DEVELOPMENT_TEAM = QMNXFRSMX5;
				INFOPLIST_FILE = "tvOS radio demo/Info.plist";
				LD_RUNPATH_SEARCH_PATHS = "$(inherited) @executable_path/Frameworks";
				PRODUCT_BUNDLE_IDENTIFIER = "com.skrjApp.tvOS-radio-demo";
				PRODUCT_NAME = "$(TARGET_NAME)";
				SWIFT_VERSION = 3.0;
			};
			name = Release;
		};
/* End XCBuildConfiguration section */

/* Begin XCConfigurationList section */
		F16B3EFA1DFC47E8000F38F3 /* Build configuration list for PBXProject "tvOS radio demo" */ = {
			isa = XCConfigurationList;
			buildConfigurations = (
				F16B3F0F1DFC47E9000F38F3 /* Debug */,
				F16B3F101DFC47E9000F38F3 /* Release */,
			);
			defaultConfigurationIsVisible = 0;
			defaultConfigurationName = Release;
		};
		F16B3F111DFC47E9000F38F3 /* Build configuration list for PBXNativeTarget "tvOS radio demo" */ = {
			isa = XCConfigurationList;
			buildConfigurations = (
				F16B3F121DFC47E9000F38F3 /* Debug */,
				F16B3F131DFC47E9000F38F3 /* Release */,
			);
			defaultConfigurationIsVisible = 0;
		};
/* End XCConfigurationList section */

/* Begin XCVersionGroup section */
		F16B3F061DFC47E9000F38F3 /* tvOS_radio_demo.xcdatamodeld */ = {
			isa = XCVersionGroup;
			children = (
				F16B3F071DFC47E9000F38F3 /* tvOS_radio_demo.xcdatamodel */,
			);
			currentVersion = F16B3F071DFC47E9000F38F3 /* tvOS_radio_demo.xcdatamodel */;
			path = tvOS_radio_demo.xcdatamodeld;
			sourceTree = "<group>";
			versionGroupType = wrapper.xcdatamodel;
		};
/* End XCVersionGroup section */
	};
	rootObject = F16B3EF71DFC47E8000F38F3 /* Project object */;
}
